
Microsoft Visual Studio Solution File, Format Version 12.00
# Visual Studio Version 17
VisualStudioVersion = 17.4.33103.184
MinimumVisualStudioVersion = 10.0.40219.1
Project("{FAE04EC0-301F-11D3-BF4B-00C04F79EFBC}") = "JC.QuickMove", "JC.QuickMove.csproj", "{5192394A-1A16-4AA3-AB86-4FA432AB7F6A}"
EndProject
Global
	GlobalSection(SolutionConfigurationPlatforms) = preSolution
		Debug|Any CPU = Debug|Any CPU
		Release|Any CPU = Release|Any CPU
	EndGlobalSection
	GlobalSection(ProjectConfigurationPlatforms) = postSolution
		{5192394A-1A16-4AA3-AB86-4FA432AB7F6A}.Debug|Any CPU.ActiveCfg = Debug|Any CPU
		{5192394A-1A16-4AA3-AB86-4FA432AB7F6A}.Debug|Any CPU.Build.0 = Debug|Any CPU
		{5192394A-1A16-4AA3-AB86-4FA432AB7F6A}.Release|Any CPU.ActiveCfg = Release|Any CPU
		{5192394A-1A16-4AA3-AB86-4FA432AB7F6A}.Release|Any CPU.Build.0 = Release|Any CPU
	EndGlobalSection
	GlobalSection(SolutionProperties) = preSolution
		HideSolutionNode = FALSE
	EndGlobalSection
	GlobalSection(ExtensibilityGlobals) = postSolution
		SolutionGuid = {76EA1541-EFBB-4F00-86E8-8B43C44654D9}
	EndGlobalSection
EndGlobal
